// !$*UTF8*$!
{
	archiveVersion = 1;
	classes = {
	};
	objectVersion = 48;
	objects = {

/* Begin PBXBuildFile section */
		FCB05D9C2057E08E0083F1BF /* AppDelegate.swift in Sources */ = {isa = PBXBuildFile; fileRef = FCB05D9B2057E08E0083F1BF /* AppDelegate.swift */; };
		FCB05D9E2057E08E0083F1BF /* ViewController.swift in Sources */ = {isa = PBXBuildFile; fileRef = FCB05D9D2057E08E0083F1BF /* ViewController.swift */; };
		FCB05DA12057E08E0083F1BF /* Main.storyboard in Resources */ = {isa = PBXBuildFile; fileRef = FCB05D9F2057E08E0083F1BF /* Main.storyboard */; };
		FCB05DA32057E08E0083F1BF /* Assets.xcassets in Resources */ = {isa = PBXBuildFile; fileRef = FCB05DA22057E08E0083F1BF /* Assets.xcassets */; };
		FCB05DA62057E08E0083F1BF /* LaunchScreen.storyboard in Resources */ = {isa = PBXBuildFile; fileRef = FCB05DA42057E08E0083F1BF /* LaunchScreen.storyboard */; };
		FCB05DB12057E08F0083F1BF /* webView__Tests.swift in Sources */ = {isa = PBXBuildFile; fileRef = FCB05DB02057E08F0083F1BF /* webView__Tests.swift */; };
		FCB05DBC2057E08F0083F1BF /* webView__UITests.swift in Sources */ = {isa = PBXBuildFile; fileRef = FCB05DBB2057E08F0083F1BF /* webView__UITests.swift */; };
		FCB05DD02057E73B0083F1BF /* webView缓存.xcdatamodeld in Sources */ = {isa = PBXBuildFile; fileRef = FCB05DCE2057E73B0083F1BF /* webView缓存.xcdatamodeld */; };
		FCB05DD22057E9D20083F1BF /* MyURLProtocol.swift in Sources */ = {isa = PBXBuildFile; fileRef = FCB05DD12057E9D20083F1BF /* MyURLProtocol.swift */; };
/* End PBXBuildFile section */

/* Begin PBXContainerItemProxy section */
		FCB05DAD2057E08F0083F1BF /* PBXContainerItemProxy */ = {
			isa = PBXContainerItemProxy;
			containerPortal = FCB05D902057E08E0083F1BF /* Project object */;
			proxyType = 1;
			remoteGlobalIDString = FCB05D972057E08E0083F1BF;
			remoteInfo = "webView缓存";
		};
		FCB05DB82057E08F0083F1BF /* PBXContainerItemProxy */ = {
			isa = PBXContainerItemProxy;
			containerPortal = FCB05D902057E08E0083F1BF /* Project object */;
			proxyType = 1;
			remoteGlobalIDString = FCB05D972057E08E0083F1BF;
			remoteInfo = "webView缓存";
		};
/* End PBXContainerItemProxy section */

/* Begin PBXFileReference section */
		FCB05D982057E08E0083F1BF /* webView缓存.app */ = {isa = PBXFileReference; explicitFileType = wrapper.application; includeInIndex = 0; path = "webView缓存.app"; sourceTree = BUILT_PRODUCTS_DIR; };
		FCB05D9B2057E08E0083F1BF /* AppDelegate.swift */ = {isa = PBXFileReference; lastKnownFileType = sourcecode.swift; path = AppDelegate.swift; sourceTree = "<group>"; };
		FCB05D9D2057E08E0083F1BF /* ViewController.swift */ = {isa = PBXFileReference; lastKnownFileType = sourcecode.swift; path = ViewController.swift; sourceTree = "<group>"; };
		FCB05DA02057E08E0083F1BF /* Base */ = {isa = PBXFileReference; lastKnownFileType = file.storyboard; name = Base; path = Base.lproj/Main.storyboard; sourceTree = "<group>"; };
		FCB05DA22057E08E0083F1BF /* Assets.xcassets */ = {isa = PBXFileReference; lastKnownFileType = folder.assetcatalog; path = Assets.xcassets; sourceTree = "<group>"; };
		FCB05DA52057E08E0083F1BF /* Base */ = {isa = PBXFileReference; lastKnownFileType = file.storyboard; name = Base; path = Base.lproj/LaunchScreen.storyboard; sourceTree = "<group>"; };
		FCB05DA72057E08E0083F1BF /* Info.plist */ = {isa = PBXFileReference; lastKnownFileType = text.plist.xml; path = Info.plist; sourceTree = "<group>"; };
		FCB05DAC2057E08F0083F1BF /* webView缓存Tests.xctest */ = {isa = PBXFileReference; explicitFileType = wrapper.cfbundle; includeInIndex = 0; path = "webView缓存Tests.xctest"; sourceTree = BUILT_PRODUCTS_DIR; };
		FCB05DB02057E08F0083F1BF /* webView__Tests.swift */ = {isa = PBXFileReference; lastKnownFileType = sourcecode.swift; path = webView__Tests.swift; sourceTree = "<group>"; };
		FCB05DB22057E08F0083F1BF /* Info.plist */ = {isa = PBXFileReference; lastKnownFileType = text.plist.xml; path = Info.plist; sourceTree = "<group>"; };
		FCB05DB72057E08F0083F1BF /* webView缓存UITests.xctest */ = {isa = PBXFileReference; explicitFileType = wrapper.cfbundle; includeInIndex = 0; path = "webView缓存UITests.xctest"; sourceTree = BUILT_PRODUCTS_DIR; };
		FCB05DBB2057E08F0083F1BF /* webView__UITests.swift */ = {isa = PBXFileReference; lastKnownFileType = sourcecode.swift; path = webView__UITests.swift; sourceTree = "<group>"; };
		FCB05DBD2057E08F0083F1BF /* Info.plist */ = {isa = PBXFileReference; lastKnownFileType = text.plist.xml; path = Info.plist; sourceTree = "<group>"; };
		FCB05DCF2057E73B0083F1BF /* lyn.xcdatamodel */ = {isa = PBXFileReference; lastKnownFileType = wrapper.xcdatamodel; path = lyn.xcdatamodel; sourceTree = "<group>"; };
		FCB05DD12057E9D20083F1BF /* MyURLProtocol.swift */ = {isa = PBXFileReference; fileEncoding = 4; lastKnownFileType = sourcecode.swift; path = MyURLProtocol.swift; sourceTree = "<group>"; };
/* End PBXFileReference section */

/* Begin PBXFrameworksBuildPhase section */
		FCB05D952057E08E0083F1BF /* Frameworks */ = {
			isa = PBXFrameworksBuildPhase;
			buildActionMask = 2147483647;
			files = (
			);
			runOnlyForDeploymentPostprocessing = 0;
		};
		FCB05DA92057E08F0083F1BF /* Frameworks */ = {
			isa = PBXFrameworksBuildPhase;
			buildActionMask = 2147483647;
			files = (
			);
			runOnlyForDeploymentPostprocessing = 0;
		};
		FCB05DB42057E08F0083F1BF /* Frameworks */ = {
			isa = PBXFrameworksBuildPhase;
			buildActionMask = 2147483647;
			files = (
			);
			runOnlyForDeploymentPostprocessing = 0;
		};
/* End PBXFrameworksBuildPhase section */

/* Begin PBXGroup section */
		FCB05D8F2057E08E0083F1BF = {
			isa = PBXGroup;
			children = (
				FCB05D9A2057E08E0083F1BF /* webView缓存 */,
				FCB05DAF2057E08F0083F1BF /* webView缓存Tests */,
				FCB05DBA2057E08F0083F1BF /* webView缓存UITests */,
				FCB05D992057E08E0083F1BF /* Products */,
			);
			sourceTree = "<group>";
		};
		FCB05D992057E08E0083F1BF /* Products */ = {
			isa = PBXGroup;
			children = (
				FCB05D982057E08E0083F1BF /* webView缓存.app */,
				FCB05DAC2057E08F0083F1BF /* webView缓存Tests.xctest */,
				FCB05DB72057E08F0083F1BF /* webView缓存UITests.xctest */,
			);
			name = Products;
			sourceTree = "<group>";
		};
		FCB05D9A2057E08E0083F1BF /* webView缓存 */ = {
			isa = PBXGroup;
			children = (
				FCB05D9B2057E08E0083F1BF /* AppDelegate.swift */,
				FCB05DCE2057E73B0083F1BF /* webView缓存.xcdatamodeld */,
				FCB05DD12057E9D20083F1BF /* MyURLProtocol.swift */,
				FCB05D9D2057E08E0083F1BF /* ViewController.swift */,
				FCB05D9F2057E08E0083F1BF /* Main.storyboard */,
				FCB05DA22057E08E0083F1BF /* Assets.xcassets */,
				FCB05DA42057E08E0083F1BF /* LaunchScreen.storyboard */,
				FCB05DA72057E08E0083F1BF /* Info.plist */,
			);
			path = "webView缓存";
			sourceTree = "<group>";
		};
		FCB05DAF2057E08F0083F1BF /* webView缓存Tests */ = {
			isa = PBXGroup;
			children = (
				FCB05DB02057E08F0083F1BF /* webView__Tests.swift */,
				FCB05DB22057E08F0083F1BF /* Info.plist */,
			);
			path = "webView缓存Tests";
			sourceTree = "<group>";
		};
		FCB05DBA2057E08F0083F1BF /* webView缓存UITests */ = {
			isa = PBXGroup;
			children = (
				FCB05DBB2057E08F0083F1BF /* webView__UITests.swift */,
				FCB05DBD2057E08F0083F1BF /* Info.plist */,
			);
			path = "webView缓存UITests";
			sourceTree = "<group>";
		};
/* End PBXGroup section */

/* Begin PBXNativeTarget section */
		FCB05D972057E08E0083F1BF /* webView缓存 */ = {
			isa = PBXNativeTarget;
			buildConfigurationList = FCB05DC02057E08F0083F1BF /* Build configuration list for PBXNativeTarget "webView缓存" */;
			buildPhases = (
				FCB05D942057E08E0083F1BF /* Sources */,
				FCB05D952057E08E0083F1BF /* Frameworks */,
				FCB05D962057E08E0083F1BF /* Resources */,
			);
			buildRules = (
			);
			dependencies = (
			);
			name = "webView缓存";
			productName = "webView缓存";
			productReference = FCB05D982057E08E0083F1BF /* webView缓存.app */;
			productType = "com.apple.product-type.application";
		};
		FCB05DAB2057E08F0083F1BF /* webView缓存Tests */ = {
			isa = PBXNativeTarget;
			buildConfigurationList = FCB05DC32057E08F0083F1BF /* Build configuration list for PBXNativeTarget "webView缓存Tests" */;
			buildPhases = (
				FCB05DA82057E08F0083F1BF /* Sources */,
				FCB05DA92057E08F0083F1BF /* Frameworks */,
				FCB05DAA2057E08F0083F1BF /* Resources */,
			);
			buildRules = (
			);
			dependencies = (
				FCB05DAE2057E08F0083F1BF /* PBXTargetDependency */,
			);
			name = "webView缓存Tests";
			productName = "webView缓存Tests";
			productReference = FCB05DAC2057E08F0083F1BF /* webView缓存Tests.xctest */;
			productType = "com.apple.product-type.bundle.unit-test";
		};
		FCB05DB62057E08F0083F1BF /* webView缓存UITests */ = {
			isa = PBXNativeTarget;
			buildConfigurationList = FCB05DC62057E08F0083F1BF /* Build configuration list for PBXNativeTarget "webView缓存UITests" */;
			buildPhases = (
				FCB05DB32057E08F0083F1BF /* Sources */,
				FCB05DB42057E08F0083F1BF /* Frameworks */,
				FCB05DB52057E08F0083F1BF /* Resources */,
			);
			buildRules = (
			);
			dependencies = (
				FCB05DB92057E08F0083F1BF /* PBXTargetDependency */,
			);
			name = "webView缓存UITests";
			productName = "webView缓存UITests";
			productReference = FCB05DB72057E08F0083F1BF /* webView缓存UITests.xctest */;
			productType = "com.apple.product-type.bundle.ui-testing";
		};
/* End PBXNativeTarget section */

/* Begin PBXProject section */
		FCB05D902057E08E0083F1BF /* Project object */ = {
			isa = PBXProject;
			attributes = {
				LastSwiftUpdateCheck = 0920;
				LastUpgradeCheck = 0920;
				ORGANIZATIONNAME = liyingnan;
				TargetAttributes = {
					FCB05D972057E08E0083F1BF = {
						CreatedOnToolsVersion = 9.2;
						ProvisioningStyle = Automatic;
					};
					FCB05DAB2057E08F0083F1BF = {
						CreatedOnToolsVersion = 9.2;
						ProvisioningStyle = Automatic;
						TestTargetID = FCB05D972057E08E0083F1BF;
					};
					FCB05DB62057E08F0083F1BF = {
						CreatedOnToolsVersion = 9.2;
						ProvisioningStyle = Automatic;
						TestTargetID = FCB05D972057E08E0083F1BF;
					};
				};
			};
			buildConfigurationList = FCB05D932057E08E0083F1BF /* Build configuration list for PBXProject "webView缓存" */;
			compatibilityVersion = "Xcode 8.0";
			developmentRegion = en;
			hasScannedForEncodings = 0;
			knownRegions = (
				en,
				Base,
			);
			mainGroup = FCB05D8F2057E08E0083F1BF;
			productRefGroup = FCB05D992057E08E0083F1BF /* Products */;
			projectDirPath = "";
			projectRoot = "";
			targets = (
				FCB05D972057E08E0083F1BF /* webView缓存 */,
				FCB05DAB2057E08F0083F1BF /* webView缓存Tests */,
				FCB05DB62057E08F0083F1BF /* webView缓存UITests */,
			);
		};
/* End PBXProject section */

/* Begin PBXResourcesBuildPhase section */
		FCB05D962057E08E0083F1BF /* Resources */ = {
			isa = PBXResourcesBuildPhase;
			buildActionMask = 2147483647;
			files = (
				FCB05DA62057E08E0083F1BF /* LaunchScreen.storyboard in Resources */,
				FCB05DA32057E08E0083F1BF /* Assets.xcassets in Resources */,
				FCB05DA12057E08E0083F1BF /* Main.storyboard in Resources */,
			);
			runOnlyForDeploymentPostprocessing = 0;
		};
		FCB05DAA2057E08F0083F1BF /* Resources */ = {
			isa = PBXResourcesBuildPhase;
			buildActionMask = 2147483647;
			files = (
			);
			runOnlyForDeploymentPostprocessing = 0;
		};
		FCB05DB52057E08F0083F1BF /* Resources */ = {
			isa = PBXResourcesBuildPhase;
			buildActionMask = 2147483647;
			files = (
			);
			runOnlyForDeploymentPostprocessing = 0;
		};
/* End PBXResourcesBuildPhase section */

/* Begin PBXSourcesBuildPhase section */
		FCB05D942057E08E0083F1BF /* Sources */ = {
			isa = PBXSourcesBuildPhase;
			buildActionMask = 2147483647;
			files = (
				FCB05D9E2057E08E0083F1BF /* ViewController.swift in Sources */,
				FCB05DD22057E9D20083F1BF /* MyURLProtocol.swift in Sources */,
				FCB05D9C2057E08E0083F1BF /* AppDelegate.swift in Sources */,
				FCB05DD02057E73B0083F1BF /* webView缓存.xcdatamodeld in Sources */,
			);
			runOnlyForDeploymentPostprocessing = 0;
		};
		FCB05DA82057E08F0083F1BF /* Sources */ = {
			isa = PBXSourcesBuildPhase;
			buildActionMask = 2147483647;
			files = (
				FCB05DB12057E08F0083F1BF /* webView__Tests.swift in Sources */,
			);
			runOnlyForDeploymentPostprocessing = 0;
		};
		FCB05DB32057E08F0083F1BF /* Sources */ = {
			isa = PBXSourcesBuildPhase;
			buildActionMask = 2147483647;
			files = (
				FCB05DBC2057E08F0083F1BF /* webView__UITests.swift in Sources */,
			);
			runOnlyForDeploymentPostprocessing = 0;
		};
/* End PBXSourcesBuildPhase section */

/* Begin PBXTargetDependency section */
		FCB05DAE2057E08F0083F1BF /* PBXTargetDependency */ = {
			isa = PBXTargetDependency;
			target = FCB05D972057E08E0083F1BF /* webView缓存 */;
			targetProxy = FCB05DAD2057E08F0083F1BF /* PBXContainerItemProxy */;
		};
		FCB05DB92057E08F0083F1BF /* PBXTargetDependency */ = {
			isa = PBXTargetDependency;
			target = FCB05D972057E08E0083F1BF /* webView缓存 */;
			targetProxy = FCB05DB82057E08F0083F1BF /* PBXContainerItemProxy */;
		};
/* End PBXTargetDependency section */

/* Begin PBXVariantGroup section */
		FCB05D9F2057E08E0083F1BF /* Main.storyboard */ = {
			isa = PBXVariantGroup;
			children = (
				FCB05DA02057E08E0083F1BF /* Base */,
			);
			name = Main.storyboard;
			sourceTree = "<group>";
		};
		FCB05DA42057E08E0083F1BF /* LaunchScreen.storyboard */ = {
			isa = PBXVariantGroup;
			children = (
				FCB05DA52057E08E0083F1BF /* Base */,
			);
			name = LaunchScreen.storyboard;
			sourceTree = "<group>";
		};
/* End PBXVariantGroup section */

/* Begin XCBuildConfiguration section */
		FCB05DBE2057E08F0083F1BF /* Debug */ = {
			isa = XCBuildConfiguration;
			buildSettings = {
				ALWAYS_SEARCH_USER_PATHS = NO;
				CLANG_ANALYZER_NONNULL = YES;
				CLANG_ANALYZER_NUMBER_OBJECT_CONVERSION = YES_AGGRESSIVE;
				CLANG_CXX_LANGUAGE_STANDARD = "gnu++14";
				CLANG_CXX_LIBRARY = "libc++";
				CLANG_ENABLE_MODULES = YES;
				CLANG_ENABLE_OBJC_ARC = YES;
				CLANG_WARN_BLOCK_CAPTURE_AUTORELEASING = YES;
				CLANG_WARN_BOOL_CONVERSION = YES;
				CLANG_WARN_COMMA = YES;
				CLANG_WARN_CONSTANT_CONVERSION = YES;
				CLANG_WARN_DIRECT_OBJC_ISA_USAGE = YES_ERROR;
				CLANG_WARN_DOCUMENTATION_COMMENTS = YES;
				CLANG_WARN_EMPTY_BODY = YES;
				CLANG_WARN_ENUM_CONVERSION = YES;
				CLANG_WARN_INFINITE_RECURSION = YES;
				CLANG_WARN_INT_CONVERSION = YES;
				CLANG_WARN_NON_LITERAL_NULL_CONVERSION = YES;
				CLANG_WARN_OBJC_LITERAL_CONVERSION = YES;
				CLANG_WARN_OBJC_ROOT_CLASS = YES_ERROR;
				CLANG_WARN_RANGE_LOOP_ANALYSIS = YES;
				CLANG_WARN_STRICT_PROTOTYPES = YES;
				CLANG_WARN_SUSPICIOUS_MOVE = YES;
				CLANG_WARN_UNGUARDED_AVAILABILITY = YES_AGGRESSIVE;
				CLANG_WARN_UNREACHABLE_CODE = YES;
				CLANG_WARN__DUPLICATE_METHOD_MATCH = YES;
				CODE_SIGN_IDENTITY = "iPhone Developer";
				COPY_PHASE_STRIP = NO;
				DEBUG_INFORMATION_FORMAT = dwarf;
				ENABLE_STRICT_OBJC_MSGSEND = YES;
				ENABLE_TESTABILITY = YES;
				GCC_C_LANGUAGE_STANDARD = gnu11;
				GCC_DYNAMIC_NO_PIC = NO;
				GCC_NO_COMMON_BLOCKS = YES;
				GCC_OPTIMIZATION_LEVEL = 0;
				GCC_PREPROCESSOR_DEFINITIONS = (
					"DEBUG=1",
					"$(inherited)",
				);
				GCC_WARN_64_TO_32_BIT_CONVERSION = YES;
				GCC_WARN_ABOUT_RETURN_TYPE = YES_ERROR;
				GCC_WARN_UNDECLARED_SELECTOR = YES;
				GCC_WARN_UNINITIALIZED_AUTOS = YES_AGGRESSIVE;
				GCC_WARN_UNUSED_FUNCTION = YES;
				GCC_WARN_UNUSED_VARIABLE = YES;
				IPHONEOS_DEPLOYMENT_TARGET = 11.2;
				MTL_ENABLE_DEBUG_INFO = YES;
				ONLY_ACTIVE_ARCH = YES;
				SDKROOT = iphoneos;
				SWIFT_ACTIVE_COMPILATION_CONDITIONS = DEBUG;
				SWIFT_OPTIMIZATION_LEVEL = "-Onone";
			};
			name = Debug;
		};
		FCB05DBF2057E08F0083F1BF /* Release */ = {
			isa = XCBuildConfiguration;
			buildSettings = {
				ALWAYS_SEARCH_USER_PATHS = NO;
				CLANG_ANALYZER_NONNULL = YES;
				CLANG_ANALYZER_NUMBER_OBJECT_CONVERSION = YES_AGGRESSIVE;
				CLANG_CXX_LANGUAGE_STANDARD = "gnu++14";
				CLANG_CXX_LIBRARY = "libc++";
				CLANG_ENABLE_MODULES = YES;
				CLANG_ENABLE_OBJC_ARC = YES;
				CLANG_WARN_BLOCK_CAPTURE_AUTORELEASING = YES;
				CLANG_WARN_BOOL_CONVERSION = YES;
				CLANG_WARN_COMMA = YES;
				CLANG_WARN_CONSTANT_CONVERSION = YES;
				CLANG_WARN_DIRECT_OBJC_ISA_USAGE = YES_ERROR;
				CLANG_WARN_DOCUMENTATION_COMMENTS = YES;
				CLANG_WARN_EMPTY_BODY = YES;
				CLANG_WARN_ENUM_CONVERSION = YES;
				CLANG_WARN_INFINITE_RECURSION = YES;
				CLANG_WARN_INT_CONVERSION = YES;
				CLANG_WARN_NON_LITERAL_NULL_CONVERSION = YES;
				CLANG_WARN_OBJC_LITERAL_CONVERSION = YES;
				CLANG_WARN_OBJC_ROOT_CLASS = YES_ERROR;
				CLANG_WARN_RANGE_LOOP_ANALYSIS = YES;
				CLANG_WARN_STRICT_PROTOTYPES = YES;
				CLANG_WARN_SUSPICIOUS_MOVE = YES;
				CLANG_WARN_UNGUARDED_AVAILABILITY = YES_AGGRESSIVE;
				CLANG_WARN_UNREACHABLE_CODE = YES;
				CLANG_WARN__DUPLICATE_METHOD_MATCH = YES;
				CODE_SIGN_IDENTITY = "iPhone Developer";
				COPY_PHASE_STRIP = NO;
				DEBUG_INFORMATION_FORMAT = "dwarf-with-dsym";
				ENABLE_NS_ASSERTIONS = NO;
				ENABLE_STRICT_OBJC_MSGSEND = YES;
				GCC_C_LANGUAGE_STANDARD = gnu11;
				GCC_NO_COMMON_BLOCKS = YES;
				GCC_WARN_64_TO_32_BIT_CONVERSION = YES;
				GCC_WARN_ABOUT_RETURN_TYPE = YES_ERROR;
				GCC_WARN_UNDECLARED_SELECTOR = YES;
				GCC_WARN_UNINITIALIZED_AUTOS = YES_AGGRESSIVE;
				GCC_WARN_UNUSED_FUNCTION = YES;
				GCC_WARN_UNUSED_VARIABLE = YES;
				IPHONEOS_DEPLOYMENT_TARGET = 11.2;
				MTL_ENABLE_DEBUG_INFO = NO;
				SDKROOT = iphoneos;
				SWIFT_OPTIMIZATION_LEVEL = "-Owholemodule";
				VALIDATE_PRODUCT = YES;
			};
			name = Release;
		};
		FCB05DC12057E08F0083F1BF /* Debug */ = {
			isa = XCBuildConfiguration;
			buildSettings = {
				ASSETCATALOG_COMPILER_APPICON_NAME = AppIcon;
				CODE_SIGN_STYLE = Automatic;
				DEVELOPMENT_TEAM = 8JFS2E3XF2;
				INFOPLIST_FILE = "webView缓存/Info.plist";
				LD_RUNPATH_SEARCH_PATHS = "$(inherited) @executable_path/Frameworks";
				PRODUCT_BUNDLE_IDENTIFIER = "ddd.webView--";
				PRODUCT_NAME = "$(TARGET_NAME)";
				SWIFT_VERSION = 4.0;
				TARGETED_DEVICE_FAMILY = "1,2";
			};
			name = Debug;
		};
		FCB05DC22057E08F0083F1BF /* Release */ = {
			isa = XCBuildConfiguration;
			buildSettings = {
				ASSETCATALOG_COMPILER_APPICON_NAME = AppIcon;
				CODE_SIGN_STYLE = Automatic;
				DEVELOPMENT_TEAM = 8JFS2E3XF2;
				INFOPLIST_FILE = "webView缓存/Info.plist";
				LD_RUNPATH_SEARCH_PATHS = "$(inherited) @executable_path/Frameworks";
				PRODUCT_BUNDLE_IDENTIFIER = "ddd.webView--";
				PRODUCT_NAME = "$(TARGET_NAME)";
				SWIFT_VERSION = 4.0;
				TARGETED_DEVICE_FAMILY = "1,2";
			};
			name = Release;
		};
		FCB05DC42057E08F0083F1BF /* Debug */ = {
			isa = XCBuildConfiguration;
			buildSettings = {
				ALWAYS_EMBED_SWIFT_STANDARD_LIBRARIES = YES;
				BUNDLE_LOADER = "$(TEST_HOST)";
				CODE_SIGN_STYLE = Automatic;
				DEVELOPMENT_TEAM = 8JFS2E3XF2;
				INFOPLIST_FILE = "webView缓存Tests/Info.plist";
				LD_RUNPATH_SEARCH_PATHS = "$(inherited) @executable_path/Frameworks @loader_path/Frameworks";
				PRODUCT_BUNDLE_IDENTIFIER = "ddd.webView--Tests";
				PRODUCT_NAME = "$(TARGET_NAME)";
				SWIFT_VERSION = 4.0;
				TARGETED_DEVICE_FAMILY = "1,2";
				TEST_HOST = "$(BUILT_PRODUCTS_DIR)/webView缓存.app/webView缓存";
			};
			name = Debug;
		};
		FCB05DC52057E08F0083F1BF /* Release */ = {
			isa = XCBuildConfiguration;
			buildSettings = {
				ALWAYS_EMBED_SWIFT_STANDARD_LIBRARIES = YES;
				BUNDLE_LOADER = "$(TEST_HOST)";
				CODE_SIGN_STYLE = Automatic;
				DEVELOPMENT_TEAM = 8JFS2E3XF2;
				INFOPLIST_FILE = "webView缓存Tests/Info.plist";
				LD_RUNPATH_SEARCH_PATHS = "$(inherited) @executable_path/Frameworks @loader_path/Frameworks";
				PRODUCT_BUNDLE_IDENTIFIER = "ddd.webView--Tests";
				PRODUCT_NAME = "$(TARGET_NAME)";
				SWIFT_VERSION = 4.0;
				TARGETED_DEVICE_FAMILY = "1,2";
				TEST_HOST = "$(BUILT_PRODUCTS_DIR)/webView缓存.app/webView缓存";
			};
			name = Release;
		};
		FCB05DC72057E08F0083F1BF /* Debug */ = {
			isa = XCBuildConfiguration;
			buildSettings = {
				ALWAYS_EMBED_SWIFT_STANDARD_LIBRARIES = YES;
				CODE_SIGN_STYLE = Automatic;
				DEVELOPMENT_TEAM = 8JFS2E3XF2;
				INFOPLIST_FILE = "webView缓存UITests/Info.plist";
				LD_RUNPATH_SEARCH_PATHS = "$(inherited) @executable_path/Frameworks @loader_path/Frameworks";
				PRODUCT_BUNDLE_IDENTIFIER = "ddd.webView--UITests";
				PRODUCT_NAME = "$(TARGET_NAME)";
				SWIFT_VERSION = 4.0;
				TARGETED_DEVICE_FAMILY = "1,2";
				TEST_TARGET_NAME = "webView缓存";
			};
			name = Debug;
		};
		FCB05DC82057E08F0083F1BF /* Release */ = {
			isa = XCBuildConfiguration;
			buildSettings = {
				ALWAYS_EMBED_SWIFT_STANDARD_LIBRARIES = YES;
				CODE_SIGN_STYLE = Automatic;
				DEVELOPMENT_TEAM = 8JFS2E3XF2;
				INFOPLIST_FILE = "webView缓存UITests/Info.plist";
				LD_RUNPATH_SEARCH_PATHS = "$(inherited) @executable_path/Frameworks @loader_path/Frameworks";
				PRODUCT_BUNDLE_IDENTIFIER = "ddd.webView--UITests";
				PRODUCT_NAME = "$(TARGET_NAME)";
				SWIFT_VERSION = 4.0;
				TARGETED_DEVICE_FAMILY = "1,2";
				TEST_TARGET_NAME = "webView缓存";
			};
			name = Release;
		};
/* End XCBuildConfiguration section */

/* Begin XCConfigurationList section */
		FCB05D932057E08E0083F1BF /* Build configuration list for PBXProject "webView缓存" */ = {
			isa = XCConfigurationList;
			buildConfigurations = (
				FCB05DBE2057E08F0083F1BF /* Debug */,
				FCB05DBF2057E08F0083F1BF /* Release */,
			);
			defaultConfigurationIsVisible = 0;
			defaultConfigurationName = Release;
		};
		FCB05DC02057E08F0083F1BF /* Build configuration list for PBXNativeTarget "webView缓存" */ = {
			isa = XCConfigurationList;
			buildConfigurations = (
				FCB05DC12057E08F0083F1BF /* Debug */,
				FCB05DC22057E08F0083F1BF /* Release */,
			);
			defaultConfigurationIsVisible = 0;
			defaultConfigurationName = Release;
		};
		FCB05DC32057E08F0083F1BF /* Build configuration list for PBXNativeTarget "webView缓存Tests" */ = {
			isa = XCConfigurationList;
			buildConfigurations = (
				FCB05DC42057E08F0083F1BF /* Debug */,
				FCB05DC52057E08F0083F1BF /* Release */,
			);
			defaultConfigurationIsVisible = 0;
			defaultConfigurationName = Release;
		};
		FCB05DC62057E08F0083F1BF /* Build configuration list for PBXNativeTarget "webView缓存UITests" */ = {
			isa = XCConfigurationList;
			buildConfigurations = (
				FCB05DC72057E08F0083F1BF /* Debug */,
				FCB05DC82057E08F0083F1BF /* Release */,
			);
			defaultConfigurationIsVisible = 0;
			defaultConfigurationName = Release;
		};
/* End XCConfigurationList section */

/* Begin XCVersionGroup section */
		FCB05DCE2057E73B0083F1BF /* webView缓存.xcdatamodeld */ = {
			isa = XCVersionGroup;
			children = (
				FCB05DCF2057E73B0083F1BF /* lyn.xcdatamodel */,
			);
			currentVersion = FCB05DCF2057E73B0083F1BF /* lyn.xcdatamodel */;
			path = "webView缓存.xcdatamodeld";
			sourceTree = "<group>";
			versionGroupType = wrapper.xcdatamodel;
		};
/* End XCVersionGroup section */
	};
	rootObject = FCB05D902057E08E0083F1BF /* Project object */;
}
